
Microsoft Visual Studio Solution File, Format Version 12.00
# Visual Studio 15
VisualStudioVersion = 15.0.28010.2046
MinimumVisualStudioVersion = 10.0.40219.1
Project("{FAE04EC0-301F-11D3-BF4B-00C04F79EFBC}") = "ExceptionOne", "ExceptionOne\ExceptionOne.csproj", "{C0538EAA-D6EC-4A9F-90A1-829CAE78DEFB}"
EndProject
Global
	GlobalSection(SolutionConfigurationPlatforms) = preSolution
		Debug|Any CPU = Debug|Any CPU
		Release|Any CPU = Release|Any CPU
	EndGlobalSection
	GlobalSection(ProjectConfigurationPlatforms) = postSolution
		{C0538EAA-D6EC-4A9F-90A1-829CAE78DEFB}.Debug|Any CPU.ActiveCfg = Debug|Any CPU
		{C0538EAA-D6EC-4A9F-90A1-829CAE78DEFB}.Debug|Any CPU.Build.0 = Debug|Any CPU
		{C0538EAA-D6EC-4A9F-90A1-829CAE78DEFB}.Release|Any CPU.ActiveCfg = Release|Any CPU
		{C0538EAA-D6EC-4A9F-90A1-829CAE78DEFB}.Release|Any CPU.Build.0 = Release|Any CPU
	EndGlobalSection
	GlobalSection(SolutionProperties) = preSolution
		HideSolutionNode = FALSE
	EndGlobalSection
	GlobalSection(ExtensibilityGlobals) = postSolution
		SolutionGuid = {4F6DA425-9F17-40D2-8CC7-692057F56F1A}
	EndGlobalSection
EndGlobal
