
Microsoft Visual Studio Solution File, Format Version 12.00
# Visual Studio 15
VisualStudioVersion = 15.0.28010.2046
MinimumVisualStudioVersion = 10.0.40219.1
Project("{FAE04EC0-301F-11D3-BF4B-00C04F79EFBC}") = "LogFileOne", "LogFileOne\LogFileOne.csproj", "{4A20A7F3-5F25-4D07-82B1-A5EF374378EC}"
EndProject
Global
	GlobalSection(SolutionConfigurationPlatforms) = preSolution
		Debug|Any CPU = Debug|Any CPU
		Release|Any CPU = Release|Any CPU
	EndGlobalSection
	GlobalSection(ProjectConfigurationPlatforms) = postSolution
		{4A20A7F3-5F25-4D07-82B1-A5EF374378EC}.Debug|Any CPU.ActiveCfg = Debug|Any CPU
		{4A20A7F3-5F25-4D07-82B1-A5EF374378EC}.Debug|Any CPU.Build.0 = Debug|Any CPU
		{4A20A7F3-5F25-4D07-82B1-A5EF374378EC}.Release|Any CPU.ActiveCfg = Release|Any CPU
		{4A20A7F3-5F25-4D07-82B1-A5EF374378EC}.Release|Any CPU.Build.0 = Release|Any CPU
	EndGlobalSection
	GlobalSection(SolutionProperties) = preSolution
		HideSolutionNode = FALSE
	EndGlobalSection
	GlobalSection(ExtensibilityGlobals) = postSolution
		SolutionGuid = {49B0B093-8AE5-418B-91B2-8E3EA442A1D0}
	EndGlobalSection
EndGlobal
