
Microsoft Visual Studio Solution File, Format Version 12.00
# Visual Studio 15
VisualStudioVersion = 15.0.28010.2046
MinimumVisualStudioVersion = 10.0.40219.1
Project("{FAE04EC0-301F-11D3-BF4B-00C04F79EFBC}") = "String Drill", "String Drill\String Drill.csproj", "{54A870C6-8ACD-4AD4-8671-1A5301E72232}"
EndProject
Global
	GlobalSection(SolutionConfigurationPlatforms) = preSolution
		Debug|Any CPU = Debug|Any CPU
		Release|Any CPU = Release|Any CPU
	EndGlobalSection
	GlobalSection(ProjectConfigurationPlatforms) = postSolution
		{54A870C6-8ACD-4AD4-8671-1A5301E72232}.Debug|Any CPU.ActiveCfg = Debug|Any CPU
		{54A870C6-8ACD-4AD4-8671-1A5301E72232}.Debug|Any CPU.Build.0 = Debug|Any CPU
		{54A870C6-8ACD-4AD4-8671-1A5301E72232}.Release|Any CPU.ActiveCfg = Release|Any CPU
		{54A870C6-8ACD-4AD4-8671-1A5301E72232}.Release|Any CPU.Build.0 = Release|Any CPU
	EndGlobalSection
	GlobalSection(SolutionProperties) = preSolution
		HideSolutionNode = FALSE
	EndGlobalSection
	GlobalSection(ExtensibilityGlobals) = postSolution
		SolutionGuid = {05BDB8E8-75AC-4EA0-8323-A46F9DE4F20D}
	EndGlobalSection
EndGlobal
