
Microsoft Visual Studio Solution File, Format Version 12.00
# Visual Studio 15
VisualStudioVersion = 15.0.28010.2046
MinimumVisualStudioVersion = 10.0.40219.1
Project("{FAE04EC0-301F-11D3-BF4B-00C04F79EFBC}") = "ConstantOne", "ConstantOne\ConstantOne.csproj", "{F095111F-CDDF-49E1-840B-69F684E44632}"
EndProject
Global
	GlobalSection(SolutionConfigurationPlatforms) = preSolution
		Debug|Any CPU = Debug|Any CPU
		Release|Any CPU = Release|Any CPU
	EndGlobalSection
	GlobalSection(ProjectConfigurationPlatforms) = postSolution
		{F095111F-CDDF-49E1-840B-69F684E44632}.Debug|Any CPU.ActiveCfg = Debug|Any CPU
		{F095111F-CDDF-49E1-840B-69F684E44632}.Debug|Any CPU.Build.0 = Debug|Any CPU
		{F095111F-CDDF-49E1-840B-69F684E44632}.Release|Any CPU.ActiveCfg = Release|Any CPU
		{F095111F-CDDF-49E1-840B-69F684E44632}.Release|Any CPU.Build.0 = Release|Any CPU
	EndGlobalSection
	GlobalSection(SolutionProperties) = preSolution
		HideSolutionNode = FALSE
	EndGlobalSection
	GlobalSection(ExtensibilityGlobals) = postSolution
		SolutionGuid = {E64D3FF9-5CF5-4552-A847-41B66C14FE7B}
	EndGlobalSection
EndGlobal
