
Microsoft Visual Studio Solution File, Format Version 12.00
# Visual Studio 15
VisualStudioVersion = 15.0.28010.2046
MinimumVisualStudioVersion = 10.0.40219.1
Project("{FAE04EC0-301F-11D3-BF4B-00C04F79EFBC}") = "EnumOne", "EnumOne\EnumOne.csproj", "{4D3A6375-586A-4A68-BE0C-E2E8E4A288B5}"
EndProject
Global
	GlobalSection(SolutionConfigurationPlatforms) = preSolution
		Debug|Any CPU = Debug|Any CPU
		Release|Any CPU = Release|Any CPU
	EndGlobalSection
	GlobalSection(ProjectConfigurationPlatforms) = postSolution
		{4D3A6375-586A-4A68-BE0C-E2E8E4A288B5}.Debug|Any CPU.ActiveCfg = Debug|Any CPU
		{4D3A6375-586A-4A68-BE0C-E2E8E4A288B5}.Debug|Any CPU.Build.0 = Debug|Any CPU
		{4D3A6375-586A-4A68-BE0C-E2E8E4A288B5}.Release|Any CPU.ActiveCfg = Release|Any CPU
		{4D3A6375-586A-4A68-BE0C-E2E8E4A288B5}.Release|Any CPU.Build.0 = Release|Any CPU
	EndGlobalSection
	GlobalSection(SolutionProperties) = preSolution
		HideSolutionNode = FALSE
	EndGlobalSection
	GlobalSection(ExtensibilityGlobals) = postSolution
		SolutionGuid = {DC416644-0AC5-473E-81B2-84EC5BE13ED7}
	EndGlobalSection
EndGlobal
