
Microsoft Visual Studio Solution File, Format Version 12.00
# Visual Studio 15
VisualStudioVersion = 15.0.28010.2046
MinimumVisualStudioVersion = 10.0.40219.1
Project("{FAE04EC0-301F-11D3-BF4B-00C04F79EFBC}") = "Income Comparison Drill", "Income Comparison Drill\Income Comparison Drill.csproj", "{97985973-D5F5-4A32-A189-87281B491AFB}"
EndProject
Global
	GlobalSection(SolutionConfigurationPlatforms) = preSolution
		Debug|Any CPU = Debug|Any CPU
		Release|Any CPU = Release|Any CPU
	EndGlobalSection
	GlobalSection(ProjectConfigurationPlatforms) = postSolution
		{97985973-D5F5-4A32-A189-87281B491AFB}.Debug|Any CPU.ActiveCfg = Debug|Any CPU
		{97985973-D5F5-4A32-A189-87281B491AFB}.Debug|Any CPU.Build.0 = Debug|Any CPU
		{97985973-D5F5-4A32-A189-87281B491AFB}.Release|Any CPU.ActiveCfg = Release|Any CPU
		{97985973-D5F5-4A32-A189-87281B491AFB}.Release|Any CPU.Build.0 = Release|Any CPU
	EndGlobalSection
	GlobalSection(SolutionProperties) = preSolution
		HideSolutionNode = FALSE
	EndGlobalSection
	GlobalSection(ExtensibilityGlobals) = postSolution
		SolutionGuid = {590CF748-3E4C-42AF-A949-33CBED13D83E}
	EndGlobalSection
EndGlobal
